// !$*UTF8*$!
{
	archiveVersion = 1;
	classes = {
	};
	objectVersion = 50;
	objects = {

/* Begin PBXBuildFile section */
		58229AFB21F12B5A0084AA56 /* FeedCell.swift in Sources */ = {isa = PBXBuildFile; fileRef = 58229AFA21F12B5A0084AA56 /* FeedCell.swift */; };
		B7ABD7878D59017EA5B4EA97 /* Pods_RSS_Reader.framework in Frameworks */ = {isa = PBXBuildFile; fileRef = 9B67C77CE9C7B5DC21C27A99 /* Pods_RSS_Reader.framework */; };
		C6D40D9A21EFD1160094238E /* CoreRSS.swift in Sources */ = {isa = PBXBuildFile; fileRef = C6D40D9921EFD1160094238E /* CoreRSS.swift */; };
		C6D595BC21EFAC7C00419F57 /* AppDelegate.swift in Sources */ = {isa = PBXBuildFile; fileRef = C6D595BB21EFAC7C00419F57 /* AppDelegate.swift */; };
		C6D595BE21EFAC7C00419F57 /* RSSFeedTableVC.swift in Sources */ = {isa = PBXBuildFile; fileRef = C6D595BD21EFAC7C00419F57 /* RSSFeedTableVC.swift */; };
		C6D595C121EFAC7C00419F57 /* Main.storyboard in Resources */ = {isa = PBXBuildFile; fileRef = C6D595BF21EFAC7C00419F57 /* Main.storyboard */; };
		C6D595C421EFAC7C00419F57 /* RSS_Reader.xcdatamodeld in Sources */ = {isa = PBXBuildFile; fileRef = C6D595C221EFAC7C00419F57 /* RSS_Reader.xcdatamodeld */; };
		C6D595C621EFAC7D00419F57 /* Assets.xcassets in Resources */ = {isa = PBXBuildFile; fileRef = C6D595C521EFAC7D00419F57 /* Assets.xcassets */; };
		C6D595C921EFAC7D00419F57 /* LaunchScreen.storyboard in Resources */ = {isa = PBXBuildFile; fileRef = C6D595C721EFAC7D00419F57 /* LaunchScreen.storyboard */; };
/* End PBXBuildFile section */

/* Begin PBXFileReference section */
		58229AFA21F12B5A0084AA56 /* FeedCell.swift */ = {isa = PBXFileReference; lastKnownFileType = sourcecode.swift; path = FeedCell.swift; sourceTree = "<group>"; };
		764D8894ED731BCD4949AB06 /* Pods-RSS-Reader.debug.xcconfig */ = {isa = PBXFileReference; includeInIndex = 1; lastKnownFileType = text.xcconfig; name = "Pods-RSS-Reader.debug.xcconfig"; path = "Pods/Target Support Files/Pods-RSS-Reader/Pods-RSS-Reader.debug.xcconfig"; sourceTree = "<group>"; };
		9B67C77CE9C7B5DC21C27A99 /* Pods_RSS_Reader.framework */ = {isa = PBXFileReference; explicitFileType = wrapper.framework; includeInIndex = 0; path = Pods_RSS_Reader.framework; sourceTree = BUILT_PRODUCTS_DIR; };
		C6D40D9921EFD1160094238E /* CoreRSS.swift */ = {isa = PBXFileReference; lastKnownFileType = sourcecode.swift; path = CoreRSS.swift; sourceTree = "<group>"; };
		C6D595B821EFAC7C00419F57 /* RSS-Reader.app */ = {isa = PBXFileReference; explicitFileType = wrapper.application; includeInIndex = 0; path = "RSS-Reader.app"; sourceTree = BUILT_PRODUCTS_DIR; };
		C6D595BB21EFAC7C00419F57 /* AppDelegate.swift */ = {isa = PBXFileReference; lastKnownFileType = sourcecode.swift; path = AppDelegate.swift; sourceTree = "<group>"; };
		C6D595BD21EFAC7C00419F57 /* RSSFeedTableVC.swift */ = {isa = PBXFileReference; lastKnownFileType = sourcecode.swift; path = RSSFeedTableVC.swift; sourceTree = "<group>"; };
		C6D595C021EFAC7C00419F57 /* Base */ = {isa = PBXFileReference; lastKnownFileType = file.storyboard; name = Base; path = Base.lproj/Main.storyboard; sourceTree = "<group>"; };
		C6D595C321EFAC7C00419F57 /* RSS_Reader.xcdatamodel */ = {isa = PBXFileReference; lastKnownFileType = wrapper.xcdatamodel; path = RSS_Reader.xcdatamodel; sourceTree = "<group>"; };
		C6D595C521EFAC7D00419F57 /* Assets.xcassets */ = {isa = PBXFileReference; lastKnownFileType = folder.assetcatalog; path = Assets.xcassets; sourceTree = "<group>"; };
		C6D595C821EFAC7D00419F57 /* Base */ = {isa = PBXFileReference; lastKnownFileType = file.storyboard; name = Base; path = Base.lproj/LaunchScreen.storyboard; sourceTree = "<group>"; };
		C6D595CA21EFAC7D00419F57 /* Info.plist */ = {isa = PBXFileReference; lastKnownFileType = text.plist.xml; path = Info.plist; sourceTree = "<group>"; };
		E615182D30F0B10B8B8556F8 /* Pods-RSS-Reader.release.xcconfig */ = {isa = PBXFileReference; includeInIndex = 1; lastKnownFileType = text.xcconfig; name = "Pods-RSS-Reader.release.xcconfig"; path = "Pods/Target Support Files/Pods-RSS-Reader/Pods-RSS-Reader.release.xcconfig"; sourceTree = "<group>"; };
/* End PBXFileReference section */

/* Begin PBXFrameworksBuildPhase section */
		C6D595B521EFAC7C00419F57 /* Frameworks */ = {
			isa = PBXFrameworksBuildPhase;
			buildActionMask = 2147483647;
			files = (
				B7ABD7878D59017EA5B4EA97 /* Pods_RSS_Reader.framework in Frameworks */,
			);
			runOnlyForDeploymentPostprocessing = 0;
		};
/* End PBXFrameworksBuildPhase section */

/* Begin PBXGroup section */
		59F23178F3F2CF3CCD3C078C /* Frameworks */ = {
			isa = PBXGroup;
			children = (
				9B67C77CE9C7B5DC21C27A99 /* Pods_RSS_Reader.framework */,
			);
			name = Frameworks;
			sourceTree = "<group>";
		};
		C6D595AF21EFAC7C00419F57 = {
			isa = PBXGroup;
			children = (
				C6D595BA21EFAC7C00419F57 /* RSS-Reader */,
				C6D595B921EFAC7C00419F57 /* Products */,
				C8D57C21EEF05F6D67D696DF /* Pods */,
				59F23178F3F2CF3CCD3C078C /* Frameworks */,
			);
			sourceTree = "<group>";
		};
		C6D595B921EFAC7C00419F57 /* Products */ = {
			isa = PBXGroup;
			children = (
				C6D595B821EFAC7C00419F57 /* RSS-Reader.app */,
			);
			name = Products;
			sourceTree = "<group>";
		};
		C6D595BA21EFAC7C00419F57 /* RSS-Reader */ = {
			isa = PBXGroup;
			children = (
				C6D595BB21EFAC7C00419F57 /* AppDelegate.swift */,
				C6D595BD21EFAC7C00419F57 /* RSSFeedTableVC.swift */,
				58229AFA21F12B5A0084AA56 /* FeedCell.swift */,
				C6D595BF21EFAC7C00419F57 /* Main.storyboard */,
				C6D40D9921EFD1160094238E /* CoreRSS.swift */,
				C6D595C521EFAC7D00419F57 /* Assets.xcassets */,
				C6D595C721EFAC7D00419F57 /* LaunchScreen.storyboard */,
				C6D595CA21EFAC7D00419F57 /* Info.plist */,
				C6D595C221EFAC7C00419F57 /* RSS_Reader.xcdatamodeld */,
			);
			path = "RSS-Reader";
			sourceTree = "<group>";
		};
		C8D57C21EEF05F6D67D696DF /* Pods */ = {
			isa = PBXGroup;
			children = (
				764D8894ED731BCD4949AB06 /* Pods-RSS-Reader.debug.xcconfig */,
				E615182D30F0B10B8B8556F8 /* Pods-RSS-Reader.release.xcconfig */,
			);
			name = Pods;
			sourceTree = "<group>";
		};
/* End PBXGroup section */

/* Begin PBXNativeTarget section */
		C6D595B721EFAC7C00419F57 /* RSS-Reader */ = {
			isa = PBXNativeTarget;
			buildConfigurationList = C6D595CD21EFAC7D00419F57 /* Build configuration list for PBXNativeTarget "RSS-Reader" */;
			buildPhases = (
				AA5B77D2E537C1A94C3B2E41 /* [CP] Check Pods Manifest.lock */,
				C6D595B421EFAC7C00419F57 /* Sources */,
				C6D595B521EFAC7C00419F57 /* Frameworks */,
				C6D595B621EFAC7C00419F57 /* Resources */,
				C840EB301121E2AF642AACBE /* [CP] Embed Pods Frameworks */,
			);
			buildRules = (
			);
			dependencies = (
			);
			name = "RSS-Reader";
			productName = "RSS-Reader";
			productReference = C6D595B821EFAC7C00419F57 /* RSS-Reader.app */;
			productType = "com.apple.product-type.application";
		};
/* End PBXNativeTarget section */

/* Begin PBXProject section */
		C6D595B021EFAC7C00419F57 /* Project object */ = {
			isa = PBXProject;
			attributes = {
				LastSwiftUpdateCheck = 1010;
				LastUpgradeCheck = 1010;
				ORGANIZATIONNAME = ket;
				TargetAttributes = {
					C6D595B721EFAC7C00419F57 = {
						CreatedOnToolsVersion = 10.1;
					};
				};
			};
			buildConfigurationList = C6D595B321EFAC7C00419F57 /* Build configuration list for PBXProject "RSS-Reader" */;
			compatibilityVersion = "Xcode 9.3";
			developmentRegion = en;
			hasScannedForEncodings = 0;
			knownRegions = (
				en,
				Base,
			);
			mainGroup = C6D595AF21EFAC7C00419F57;
			productRefGroup = C6D595B921EFAC7C00419F57 /* Products */;
			projectDirPath = "";
			projectRoot = "";
			targets = (
				C6D595B721EFAC7C00419F57 /* RSS-Reader */,
			);
		};
/* End PBXProject section */

/* Begin PBXResourcesBuildPhase section */
		C6D595B621EFAC7C00419F57 /* Resources */ = {
			isa = PBXResourcesBuildPhase;
			buildActionMask = 2147483647;
			files = (
				C6D595C921EFAC7D00419F57 /* LaunchScreen.storyboard in Resources */,
				C6D595C621EFAC7D00419F57 /* Assets.xcassets in Resources */,
				C6D595C121EFAC7C00419F57 /* Main.storyboard in Resources */,
			);
			runOnlyForDeploymentPostprocessing = 0;
		};
/* End PBXResourcesBuildPhase section */

/* Begin PBXShellScriptBuildPhase section */
		AA5B77D2E537C1A94C3B2E41 /* [CP] Check Pods Manifest.lock */ = {
			isa = PBXShellScriptBuildPhase;
			buildActionMask = 2147483647;
			files = (
			);
			inputFileListPaths = (
			);
			inputPaths = (
				"${PODS_PODFILE_DIR_PATH}/Podfile.lock",
				"${PODS_ROOT}/Manifest.lock",
			);
			name = "[CP] Check Pods Manifest.lock";
			outputFileListPaths = (
			);
			outputPaths = (
				"$(DERIVED_FILE_DIR)/Pods-RSS-Reader-checkManifestLockResult.txt",
			);
			runOnlyForDeploymentPostprocessing = 0;
			shellPath = /bin/sh;
			shellScript = "diff \"${PODS_PODFILE_DIR_PATH}/Podfile.lock\" \"${PODS_ROOT}/Manifest.lock\" > /dev/null\nif [ $? != 0 ] ; then\n    # print error to STDERR\n    echo \"error: The sandbox is not in sync with the Podfile.lock. Run 'pod install' or update your CocoaPods installation.\" >&2\n    exit 1\nfi\n# This output is used by Xcode 'outputs' to avoid re-running this script phase.\necho \"SUCCESS\" > \"${SCRIPT_OUTPUT_FILE_0}\"\n";
			showEnvVarsInLog = 0;
		};
		C840EB301121E2AF642AACBE /* [CP] Embed Pods Frameworks */ = {
			isa = PBXShellScriptBuildPhase;
			buildActionMask = 2147483647;
			files = (
			);
			inputFileListPaths = (
			);
			inputPaths = (
				"${SRCROOT}/Pods/Target Support Files/Pods-RSS-Reader/Pods-RSS-Reader-frameworks.sh",
				"${BUILT_PRODUCTS_DIR}/FeedKit/FeedKit.framework",
				"${BUILT_PRODUCTS_DIR}/SDWebImage/SDWebImage.framework",
			);
			name = "[CP] Embed Pods Frameworks";
			outputFileListPaths = (
			);
			outputPaths = (
				"${TARGET_BUILD_DIR}/${FRAMEWORKS_FOLDER_PATH}/FeedKit.framework",
				"${TARGET_BUILD_DIR}/${FRAMEWORKS_FOLDER_PATH}/SDWebImage.framework",
			);
			runOnlyForDeploymentPostprocessing = 0;
			shellPath = /bin/sh;
			shellScript = "\"${SRCROOT}/Pods/Target Support Files/Pods-RSS-Reader/Pods-RSS-Reader-frameworks.sh\"\n";
			showEnvVarsInLog = 0;
		};
/* End PBXShellScriptBuildPhase section */

/* Begin PBXSourcesBuildPhase section */
		C6D595B421EFAC7C00419F57 /* Sources */ = {
			isa = PBXSourcesBuildPhase;
			buildActionMask = 2147483647;
			files = (
				C6D595BE21EFAC7C00419F57 /* RSSFeedTableVC.swift in Sources */,
				58229AFB21F12B5A0084AA56 /* FeedCell.swift in Sources */,
				C6D40D9A21EFD1160094238E /* CoreRSS.swift in Sources */,
				C6D595C421EFAC7C00419F57 /* RSS_Reader.xcdatamodeld in Sources */,
				C6D595BC21EFAC7C00419F57 /* AppDelegate.swift in Sources */,
			);
			runOnlyForDeploymentPostprocessing = 0;
		};
/* End PBXSourcesBuildPhase section */

/* Begin PBXVariantGroup section */
		C6D595BF21EFAC7C00419F57 /* Main.storyboard */ = {
			isa = PBXVariantGroup;
			children = (
				C6D595C021EFAC7C00419F57 /* Base */,
			);
			name = Main.storyboard;
			sourceTree = "<group>";
		};
		C6D595C721EFAC7D00419F57 /* LaunchScreen.storyboard */ = {
			isa = PBXVariantGroup;
			children = (
				C6D595C821EFAC7D00419F57 /* Base */,
			);
			name = LaunchScreen.storyboard;
			sourceTree = "<group>";
		};
/* End PBXVariantGroup section */

/* Begin XCBuildConfiguration section */
		C6D595CB21EFAC7D00419F57 /* Debug */ = {
			isa = XCBuildConfiguration;
			buildSettings = {
				ALWAYS_SEARCH_USER_PATHS = NO;
				CLANG_ANALYZER_NONNULL = YES;
				CLANG_ANALYZER_NUMBER_OBJECT_CONVERSION = YES_AGGRESSIVE;
				CLANG_CXX_LANGUAGE_STANDARD = "gnu++14";
				CLANG_CXX_LIBRARY = "libc++";
				CLANG_ENABLE_MODULES = YES;
				CLANG_ENABLE_OBJC_ARC = YES;
				CLANG_ENABLE_OBJC_WEAK = YES;
				CLANG_WARN_BLOCK_CAPTURE_AUTORELEASING = YES;
				CLANG_WARN_BOOL_CONVERSION = YES;
				CLANG_WARN_COMMA = YES;
				CLANG_WARN_CONSTANT_CONVERSION = YES;
				CLANG_WARN_DEPRECATED_OBJC_IMPLEMENTATIONS = YES;
				CLANG_WARN_DIRECT_OBJC_ISA_USAGE = YES_ERROR;
				CLANG_WARN_DOCUMENTATION_COMMENTS = YES;
				CLANG_WARN_EMPTY_BODY = YES;
				CLANG_WARN_ENUM_CONVERSION = YES;
				CLANG_WARN_INFINITE_RECURSION = YES;
				CLANG_WARN_INT_CONVERSION = YES;
				CLANG_WARN_NON_LITERAL_NULL_CONVERSION = YES;
				CLANG_WARN_OBJC_IMPLICIT_RETAIN_SELF = YES;
				CLANG_WARN_OBJC_LITERAL_CONVERSION = YES;
				CLANG_WARN_OBJC_ROOT_CLASS = YES_ERROR;
				CLANG_WARN_RANGE_LOOP_ANALYSIS = YES;
				CLANG_WARN_STRICT_PROTOTYPES = YES;
				CLANG_WARN_SUSPICIOUS_MOVE = YES;
				CLANG_WARN_UNGUARDED_AVAILABILITY = YES_AGGRESSIVE;
				CLANG_WARN_UNREACHABLE_CODE = YES;
				CLANG_WARN__DUPLICATE_METHOD_MATCH = YES;
				CODE_SIGN_IDENTITY = "iPhone Developer";
				COPY_PHASE_STRIP = NO;
				DEBUG_INFORMATION_FORMAT = dwarf;
				ENABLE_STRICT_OBJC_MSGSEND = YES;
				ENABLE_TESTABILITY = YES;
				GCC_C_LANGUAGE_STANDARD = gnu11;
				GCC_DYNAMIC_NO_PIC = NO;
				GCC_NO_COMMON_BLOCKS = YES;
				GCC_OPTIMIZATION_LEVEL = 0;
				GCC_PREPROCESSOR_DEFINITIONS = (
					"DEBUG=1",
					"$(inherited)",
				);
				GCC_WARN_64_TO_32_BIT_CONVERSION = YES;
				GCC_WARN_ABOUT_RETURN_TYPE = YES_ERROR;
				GCC_WARN_UNDECLARED_SELECTOR = YES;
				GCC_WARN_UNINITIALIZED_AUTOS = YES_AGGRESSIVE;
				GCC_WARN_UNUSED_FUNCTION = YES;
				GCC_WARN_UNUSED_VARIABLE = YES;
				IPHONEOS_DEPLOYMENT_TARGET = 10.3;
				MTL_ENABLE_DEBUG_INFO = INCLUDE_SOURCE;
				MTL_FAST_MATH = YES;
				ONLY_ACTIVE_ARCH = YES;
				SDKROOT = iphoneos;
				SWIFT_ACTIVE_COMPILATION_CONDITIONS = DEBUG;
				SWIFT_OPTIMIZATION_LEVEL = "-Onone";
			};
			name = Debug;
		};
		C6D595CC21EFAC7D00419F57 /* Release */ = {
			isa = XCBuildConfiguration;
			buildSettings = {
				ALWAYS_SEARCH_USER_PATHS = NO;
				CLANG_ANALYZER_NONNULL = YES;
				CLANG_ANALYZER_NUMBER_OBJECT_CONVERSION = YES_AGGRESSIVE;
				CLANG_CXX_LANGUAGE_STANDARD = "gnu++14";
				CLANG_CXX_LIBRARY = "libc++";
				CLANG_ENABLE_MODULES = YES;
				CLANG_ENABLE_OBJC_ARC = YES;
				CLANG_ENABLE_OBJC_WEAK = YES;
				CLANG_WARN_BLOCK_CAPTURE_AUTORELEASING = YES;
				CLANG_WARN_BOOL_CONVERSION = YES;
				CLANG_WARN_COMMA = YES;
				CLANG_WARN_CONSTANT_CONVERSION = YES;
				CLANG_WARN_DEPRECATED_OBJC_IMPLEMENTATIONS = YES;
				CLANG_WARN_DIRECT_OBJC_ISA_USAGE = YES_ERROR;
				CLANG_WARN_DOCUMENTATION_COMMENTS = YES;
				CLANG_WARN_EMPTY_BODY = YES;
				CLANG_WARN_ENUM_CONVERSION = YES;
				CLANG_WARN_INFINITE_RECURSION = YES;
				CLANG_WARN_INT_CONVERSION = YES;
				CLANG_WARN_NON_LITERAL_NULL_CONVERSION = YES;
				CLANG_WARN_OBJC_IMPLICIT_RETAIN_SELF = YES;
				CLANG_WARN_OBJC_LITERAL_CONVERSION = YES;
				CLANG_WARN_OBJC_ROOT_CLASS = YES_ERROR;
				CLANG_WARN_RANGE_LOOP_ANALYSIS = YES;
				CLANG_WARN_STRICT_PROTOTYPES = YES;
				CLANG_WARN_SUSPICIOUS_MOVE = YES;
				CLANG_WARN_UNGUARDED_AVAILABILITY = YES_AGGRESSIVE;
				CLANG_WARN_UNREACHABLE_CODE = YES;
				CLANG_WARN__DUPLICATE_METHOD_MATCH = YES;
				CODE_SIGN_IDENTITY = "iPhone Developer";
				COPY_PHASE_STRIP = NO;
				DEBUG_INFORMATION_FORMAT = "dwarf-with-dsym";
				ENABLE_NS_ASSERTIONS = NO;
				ENABLE_STRICT_OBJC_MSGSEND = YES;
				GCC_C_LANGUAGE_STANDARD = gnu11;
				GCC_NO_COMMON_BLOCKS = YES;
				GCC_WARN_64_TO_32_BIT_CONVERSION = YES;
				GCC_WARN_ABOUT_RETURN_TYPE = YES_ERROR;
				GCC_WARN_UNDECLARED_SELECTOR = YES;
				GCC_WARN_UNINITIALIZED_AUTOS = YES_AGGRESSIVE;
				GCC_WARN_UNUSED_FUNCTION = YES;
				GCC_WARN_UNUSED_VARIABLE = YES;
				IPHONEOS_DEPLOYMENT_TARGET = 10.3;
				MTL_ENABLE_DEBUG_INFO = NO;
				MTL_FAST_MATH = YES;
				SDKROOT = iphoneos;
				SWIFT_COMPILATION_MODE = wholemodule;
				SWIFT_OPTIMIZATION_LEVEL = "-O";
				VALIDATE_PRODUCT = YES;
			};
			name = Release;
		};
		C6D595CE21EFAC7D00419F57 /* Debug */ = {
			isa = XCBuildConfiguration;
			baseConfigurationReference = 764D8894ED731BCD4949AB06 /* Pods-RSS-Reader.debug.xcconfig */;
			buildSettings = {
				ASSETCATALOG_COMPILER_APPICON_NAME = AppIcon;
				CODE_SIGN_STYLE = Automatic;
				DEVELOPMENT_TEAM = 45JNFF5WM9;
				INFOPLIST_FILE = "RSS-Reader/Info.plist";
				IPHONEOS_DEPLOYMENT_TARGET = 10.3;
				LD_RUNPATH_SEARCH_PATHS = (
					"$(inherited)",
					"@executable_path/Frameworks",
				);
				PRODUCT_BUNDLE_IDENTIFIER = "vit.RSS-Reader";
				PRODUCT_NAME = "$(TARGET_NAME)";
				SWIFT_VERSION = 4.2;
				TARGETED_DEVICE_FAMILY = "1,2";
			};
			name = Debug;
		};
		C6D595CF21EFAC7D00419F57 /* Release */ = {
			isa = XCBuildConfiguration;
			baseConfigurationReference = E615182D30F0B10B8B8556F8 /* Pods-RSS-Reader.release.xcconfig */;
			buildSettings = {
				ASSETCATALOG_COMPILER_APPICON_NAME = AppIcon;
				CODE_SIGN_STYLE = Automatic;
				DEVELOPMENT_TEAM = 45JNFF5WM9;
				INFOPLIST_FILE = "RSS-Reader/Info.plist";
				IPHONEOS_DEPLOYMENT_TARGET = 10.3;
				LD_RUNPATH_SEARCH_PATHS = (
					"$(inherited)",
					"@executable_path/Frameworks",
				);
				PRODUCT_BUNDLE_IDENTIFIER = "vit.RSS-Reader";
				PRODUCT_NAME = "$(TARGET_NAME)";
				SWIFT_VERSION = 4.2;
				TARGETED_DEVICE_FAMILY = "1,2";
			};
			name = Release;
		};
/* End XCBuildConfiguration section */

/* Begin XCConfigurationList section */
		C6D595B321EFAC7C00419F57 /* Build configuration list for PBXProject "RSS-Reader" */ = {
			isa = XCConfigurationList;
			buildConfigurations = (
				C6D595CB21EFAC7D00419F57 /* Debug */,
				C6D595CC21EFAC7D00419F57 /* Release */,
			);
			defaultConfigurationIsVisible = 0;
			defaultConfigurationName = Release;
		};
		C6D595CD21EFAC7D00419F57 /* Build configuration list for PBXNativeTarget "RSS-Reader" */ = {
			isa = XCConfigurationList;
			buildConfigurations = (
				C6D595CE21EFAC7D00419F57 /* Debug */,
				C6D595CF21EFAC7D00419F57 /* Release */,
			);
			defaultConfigurationIsVisible = 0;
			defaultConfigurationName = Release;
		};
/* End XCConfigurationList section */

/* Begin XCVersionGroup section */
		C6D595C221EFAC7C00419F57 /* RSS_Reader.xcdatamodeld */ = {
			isa = XCVersionGroup;
			children = (
				C6D595C321EFAC7C00419F57 /* RSS_Reader.xcdatamodel */,
			);
			currentVersion = C6D595C321EFAC7C00419F57 /* RSS_Reader.xcdatamodel */;
			path = RSS_Reader.xcdatamodeld;
			sourceTree = "<group>";
			versionGroupType = wrapper.xcdatamodel;
		};
/* End XCVersionGroup section */
	};
	rootObject = C6D595B021EFAC7C00419F57 /* Project object */;
}
